// !$*UTF8*$!
{
	archiveVersion = 1;
	classes = {
	};
	objectVersion = 54;
	objects = {

/* Begin PBXBuildFile section */
		149E209F4A031F5EAD267D29 /* Pods_CommonUI.framework in Frameworks */ = {isa = PBXBuildFile; fileRef = BCBD75D3CB135DE452FABE5B /* Pods_CommonUI.framework */; };
		F91D6A6D27214D5D00D02F00 /* SwiftUIView.swift in Sources */ = {isa = PBXBuildFile; fileRef = F91D6A6C27214D5D00D02F00 /* SwiftUIView.swift */; };
		F91E0FD0270575C8007314A7 /* ZFRippleButton.swift in Sources */ = {isa = PBXBuildFile; fileRef = F91E0FCF270575C8007314A7 /* ZFRippleButton.swift */; };
		F91E0FD227057782007314A7 /* SMButton.swift in Sources */ = {isa = PBXBuildFile; fileRef = F91E0FD127057782007314A7 /* SMButton.swift */; };
		F91E0FD427059213007314A7 /* ComponentVC.swift in Sources */ = {isa = PBXBuildFile; fileRef = F91E0FD327059213007314A7 /* ComponentVC.swift */; };
		F91FA69B2702AC7E00539BD0 /* AppDelegate.swift in Sources */ = {isa = PBXBuildFile; fileRef = F91FA69A2702AC7E00539BD0 /* AppDelegate.swift */; };
		F91FA69F2702AC7E00539BD0 /* ViewController.swift in Sources */ = {isa = PBXBuildFile; fileRef = F91FA69E2702AC7E00539BD0 /* ViewController.swift */; };
		F91FA6A22702AC7E00539BD0 /* Main.storyboard in Resources */ = {isa = PBXBuildFile; fileRef = F91FA6A02702AC7E00539BD0 /* Main.storyboard */; };
		F91FA6A42702AC8000539BD0 /* Assets.xcassets in Resources */ = {isa = PBXBuildFile; fileRef = F91FA6A32702AC8000539BD0 /* Assets.xcassets */; };
		F91FA6A72702AC8000539BD0 /* LaunchScreen.storyboard in Resources */ = {isa = PBXBuildFile; fileRef = F91FA6A52702AC8000539BD0 /* LaunchScreen.storyboard */; };
		F91FA6B22702AC8000539BD0 /* CommonUITests.swift in Sources */ = {isa = PBXBuildFile; fileRef = F91FA6B12702AC8000539BD0 /* CommonUITests.swift */; };
		F91FA6BC2702AC8100539BD0 /* CommonUIUITests.swift in Sources */ = {isa = PBXBuildFile; fileRef = F91FA6BB2702AC8100539BD0 /* CommonUIUITests.swift */; };
		F91FA6BE2702AC8100539BD0 /* CommonUIUITestsLaunchTests.swift in Sources */ = {isa = PBXBuildFile; fileRef = F91FA6BD2702AC8100539BD0 /* CommonUIUITestsLaunchTests.swift */; };
		F9557E3127322625000888A5 /* MediaVC.swift in Sources */ = {isa = PBXBuildFile; fileRef = F9557E3027322625000888A5 /* MediaVC.swift */; };
		F969C61E2702E02400886C23 /* STableViewCell.swift in Sources */ = {isa = PBXBuildFile; fileRef = F969C61D2702E02400886C23 /* STableViewCell.swift */; };
		F969C6202702E5C100886C23 /* STableViewCell.xib in Resources */ = {isa = PBXBuildFile; fileRef = F969C61F2702E5C100886C23 /* STableViewCell.xib */; };
		F9D77E30272BDBED009EF43F /* CarMakerDetail.swift in Sources */ = {isa = PBXBuildFile; fileRef = F9D77E2F272BDBED009EF43F /* CarMakerDetail.swift */; };
		F9F3C59827212D420089FB15 /* WidgetKit.framework in Frameworks */ = {isa = PBXBuildFile; fileRef = F9F3C57F27212D220089FB15 /* WidgetKit.framework */; };
		F9F3C59927212D420089FB15 /* SwiftUI.framework in Frameworks */ = {isa = PBXBuildFile; fileRef = F9F3C58127212D220089FB15 /* SwiftUI.framework */; };
		F9F3C59F27212D440089FB15 /* Assets.xcassets in Resources */ = {isa = PBXBuildFile; fileRef = F9F3C59E27212D440089FB15 /* Assets.xcassets */; };
		F9F3C5A527212D440089FB15 /* newWidgetExtension.appex in Embed App Extensions */ = {isa = PBXBuildFile; fileRef = F9F3C59727212D420089FB15 /* newWidgetExtension.appex */; settings = {ATTRIBUTES = (RemoveHeadersOnCopy, ); }; };
		F9F3C5AB27212DCC0089FB15 /* newWidget.intentdefinition in Sources */ = {isa = PBXBuildFile; fileRef = F9F3C5A927212DCC0089FB15 /* newWidget.intentdefinition */; };
		F9F3C5AC27212DCC0089FB15 /* newWidget.intentdefinition in Sources */ = {isa = PBXBuildFile; fileRef = F9F3C5A927212DCC0089FB15 /* newWidget.intentdefinition */; };
		F9F3C5AE27212DCC0089FB15 /* newWidget.swift in Sources */ = {isa = PBXBuildFile; fileRef = F9F3C5AA27212DCC0089FB15 /* newWidget.swift */; };
/* End PBXBuildFile section */

/* Begin PBXContainerItemProxy section */
		F91FA6AE2702AC8000539BD0 /* PBXContainerItemProxy */ = {
			isa = PBXContainerItemProxy;
			containerPortal = F91FA68F2702AC7E00539BD0 /* Project object */;
			proxyType = 1;
			remoteGlobalIDString = F91FA6962702AC7E00539BD0;
			remoteInfo = CommonUI;
		};
		F91FA6B82702AC8000539BD0 /* PBXContainerItemProxy */ = {
			isa = PBXContainerItemProxy;
			containerPortal = F91FA68F2702AC7E00539BD0 /* Project object */;
			proxyType = 1;
			remoteGlobalIDString = F91FA6962702AC7E00539BD0;
			remoteInfo = CommonUI;
		};
		F9F3C5A327212D440089FB15 /* PBXContainerItemProxy */ = {
			isa = PBXContainerItemProxy;
			containerPortal = F91FA68F2702AC7E00539BD0 /* Project object */;
			proxyType = 1;
			remoteGlobalIDString = F9F3C59627212D420089FB15;
			remoteInfo = newWidgetExtension;
		};
/* End PBXContainerItemProxy section */

/* Begin PBXCopyFilesBuildPhase section */
		F9F3C58F27212D240089FB15 /* Embed App Extensions */ = {
			isa = PBXCopyFilesBuildPhase;
			buildActionMask = 2147483647;
			dstPath = "";
			dstSubfolderSpec = 13;
			files = (
				F9F3C5A527212D440089FB15 /* newWidgetExtension.appex in Embed App Extensions */,
			);
			name = "Embed App Extensions";
			runOnlyForDeploymentPostprocessing = 0;
		};
/* End PBXCopyFilesBuildPhase section */

/* Begin PBXFileReference section */
		2BB39D106336B1AE54A9EA62 /* Pods-CommonUI.release.xcconfig */ = {isa = PBXFileReference; includeInIndex = 1; lastKnownFileType = text.xcconfig; name = "Pods-CommonUI.release.xcconfig"; path = "Target Support Files/Pods-CommonUI/Pods-CommonUI.release.xcconfig"; sourceTree = "<group>"; };
		BCBD75D3CB135DE452FABE5B /* Pods_CommonUI.framework */ = {isa = PBXFileReference; explicitFileType = wrapper.framework; includeInIndex = 0; path = Pods_CommonUI.framework; sourceTree = BUILT_PRODUCTS_DIR; };
		CC2F4635F1F71EED249B1FA4 /* Pods-CommonUI.debug.xcconfig */ = {isa = PBXFileReference; includeInIndex = 1; lastKnownFileType = text.xcconfig; name = "Pods-CommonUI.debug.xcconfig"; path = "Target Support Files/Pods-CommonUI/Pods-CommonUI.debug.xcconfig"; sourceTree = "<group>"; };
		F91D6A6C27214D5D00D02F00 /* SwiftUIView.swift */ = {isa = PBXFileReference; lastKnownFileType = sourcecode.swift; path = SwiftUIView.swift; sourceTree = "<group>"; };
		F91E0FCF270575C8007314A7 /* ZFRippleButton.swift */ = {isa = PBXFileReference; fileEncoding = 4; lastKnownFileType = sourcecode.swift; path = ZFRippleButton.swift; sourceTree = "<group>"; };
		F91E0FD127057782007314A7 /* SMButton.swift */ = {isa = PBXFileReference; lastKnownFileType = sourcecode.swift; path = SMButton.swift; sourceTree = "<group>"; };
		F91E0FD327059213007314A7 /* ComponentVC.swift */ = {isa = PBXFileReference; lastKnownFileType = sourcecode.swift; path = ComponentVC.swift; sourceTree = "<group>"; };
		F91FA6972702AC7E00539BD0 /* CommonUI.app */ = {isa = PBXFileReference; explicitFileType = wrapper.application; includeInIndex = 0; path = CommonUI.app; sourceTree = BUILT_PRODUCTS_DIR; };
		F91FA69A2702AC7E00539BD0 /* AppDelegate.swift */ = {isa = PBXFileReference; lastKnownFileType = sourcecode.swift; path = AppDelegate.swift; sourceTree = "<group>"; };
		F91FA69E2702AC7E00539BD0 /* ViewController.swift */ = {isa = PBXFileReference; lastKnownFileType = sourcecode.swift; path = ViewController.swift; sourceTree = "<group>"; };
		F91FA6A12702AC7E00539BD0 /* Base */ = {isa = PBXFileReference; lastKnownFileType = file.storyboard; name = Base; path = Base.lproj/Main.storyboard; sourceTree = "<group>"; };
		F91FA6A32702AC8000539BD0 /* Assets.xcassets */ = {isa = PBXFileReference; lastKnownFileType = folder.assetcatalog; path = Assets.xcassets; sourceTree = "<group>"; };
		F91FA6A62702AC8000539BD0 /* Base */ = {isa = PBXFileReference; lastKnownFileType = file.storyboard; name = Base; path = Base.lproj/LaunchScreen.storyboard; sourceTree = "<group>"; };
		F91FA6A82702AC8000539BD0 /* Info.plist */ = {isa = PBXFileReference; lastKnownFileType = text.plist.xml; path = Info.plist; sourceTree = "<group>"; };
		F91FA6AD2702AC8000539BD0 /* CommonUITests.xctest */ = {isa = PBXFileReference; explicitFileType = wrapper.cfbundle; includeInIndex = 0; path = CommonUITests.xctest; sourceTree = BUILT_PRODUCTS_DIR; };
		F91FA6B12702AC8000539BD0 /* CommonUITests.swift */ = {isa = PBXFileReference; lastKnownFileType = sourcecode.swift; path = CommonUITests.swift; sourceTree = "<group>"; };
		F91FA6B72702AC8000539BD0 /* CommonUIUITests.xctest */ = {isa = PBXFileReference; explicitFileType = wrapper.cfbundle; includeInIndex = 0; path = CommonUIUITests.xctest; sourceTree = BUILT_PRODUCTS_DIR; };
		F91FA6BB2702AC8100539BD0 /* CommonUIUITests.swift */ = {isa = PBXFileReference; lastKnownFileType = sourcecode.swift; path = CommonUIUITests.swift; sourceTree = "<group>"; };
		F91FA6BD2702AC8100539BD0 /* CommonUIUITestsLaunchTests.swift */ = {isa = PBXFileReference; lastKnownFileType = sourcecode.swift; path = CommonUIUITestsLaunchTests.swift; sourceTree = "<group>"; };
		F9557E3027322625000888A5 /* MediaVC.swift */ = {isa = PBXFileReference; fileEncoding = 4; lastKnownFileType = sourcecode.swift; path = MediaVC.swift; sourceTree = "<group>"; };
		F969C61D2702E02400886C23 /* STableViewCell.swift */ = {isa = PBXFileReference; lastKnownFileType = sourcecode.swift; path = STableViewCell.swift; sourceTree = "<group>"; };
		F969C61F2702E5C100886C23 /* STableViewCell.xib */ = {isa = PBXFileReference; lastKnownFileType = file.xib; path = STableViewCell.xib; sourceTree = "<group>"; };
		F9D77E2F272BDBED009EF43F /* CarMakerDetail.swift */ = {isa = PBXFileReference; lastKnownFileType = sourcecode.swift; path = CarMakerDetail.swift; sourceTree = "<group>"; };
		F9F3C57F27212D220089FB15 /* WidgetKit.framework */ = {isa = PBXFileReference; lastKnownFileType = wrapper.framework; name = WidgetKit.framework; path = System/Library/Frameworks/WidgetKit.framework; sourceTree = SDKROOT; };
		F9F3C58127212D220089FB15 /* SwiftUI.framework */ = {isa = PBXFileReference; lastKnownFileType = wrapper.framework; name = SwiftUI.framework; path = System/Library/Frameworks/SwiftUI.framework; sourceTree = SDKROOT; };
		F9F3C59727212D420089FB15 /* newWidgetExtension.appex */ = {isa = PBXFileReference; explicitFileType = "wrapper.app-extension"; includeInIndex = 0; path = newWidgetExtension.appex; sourceTree = BUILT_PRODUCTS_DIR; };
		F9F3C59E27212D440089FB15 /* Assets.xcassets */ = {isa = PBXFileReference; lastKnownFileType = folder.assetcatalog; path = Assets.xcassets; sourceTree = "<group>"; };
		F9F3C5A027212D440089FB15 /* Info.plist */ = {isa = PBXFileReference; lastKnownFileType = text.plist.xml; path = Info.plist; sourceTree = "<group>"; };
		F9F3C5A927212DCC0089FB15 /* newWidget.intentdefinition */ = {isa = PBXFileReference; fileEncoding = 4; lastKnownFileType = file.intentdefinition; path = newWidget.intentdefinition; sourceTree = "<group>"; };
		F9F3C5AA27212DCC0089FB15 /* newWidget.swift */ = {isa = PBXFileReference; fileEncoding = 4; lastKnownFileType = sourcecode.swift; path = newWidget.swift; sourceTree = "<group>"; };
/* End PBXFileReference section */

/* Begin PBXFrameworksBuildPhase section */
		F91FA6942702AC7E00539BD0 /* Frameworks */ = {
			isa = PBXFrameworksBuildPhase;
			buildActionMask = 2147483647;
			files = (
				149E209F4A031F5EAD267D29 /* Pods_CommonUI.framework in Frameworks */,
			);
			runOnlyForDeploymentPostprocessing = 0;
		};
		F91FA6AA2702AC8000539BD0 /* Frameworks */ = {
			isa = PBXFrameworksBuildPhase;
			buildActionMask = 2147483647;
			files = (
			);
			runOnlyForDeploymentPostprocessing = 0;
		};
		F91FA6B42702AC8000539BD0 /* Frameworks */ = {
			isa = PBXFrameworksBuildPhase;
			buildActionMask = 2147483647;
			files = (
			);
			runOnlyForDeploymentPostprocessing = 0;
		};
		F9F3C59427212D420089FB15 /* Frameworks */ = {
			isa = PBXFrameworksBuildPhase;
			buildActionMask = 2147483647;
			files = (
				F9F3C59927212D420089FB15 /* SwiftUI.framework in Frameworks */,
				F9F3C59827212D420089FB15 /* WidgetKit.framework in Frameworks */,
			);
			runOnlyForDeploymentPostprocessing = 0;
		};
/* End PBXFrameworksBuildPhase section */

/* Begin PBXGroup section */
		778C7AC98D46299D3D375DFA /* Pods */ = {
			isa = PBXGroup;
			children = (
				CC2F4635F1F71EED249B1FA4 /* Pods-CommonUI.debug.xcconfig */,
				2BB39D106336B1AE54A9EA62 /* Pods-CommonUI.release.xcconfig */,
			);
			path = Pods;
			sourceTree = "<group>";
		};
		A0414A169CF7385A50698E71 /* Frameworks */ = {
			isa = PBXGroup;
			children = (
				BCBD75D3CB135DE452FABE5B /* Pods_CommonUI.framework */,
				F9F3C57F27212D220089FB15 /* WidgetKit.framework */,
				F9F3C58127212D220089FB15 /* SwiftUI.framework */,
			);
			name = Frameworks;
			sourceTree = "<group>";
		};
		F91FA68E2702AC7E00539BD0 = {
			isa = PBXGroup;
			children = (
				F91FA6992702AC7E00539BD0 /* CommonUI */,
				F91FA6B02702AC8000539BD0 /* CommonUITests */,
				F91FA6BA2702AC8100539BD0 /* CommonUIUITests */,
				F9F3C59A27212D420089FB15 /* newWidget */,
				F91FA6982702AC7E00539BD0 /* Products */,
				778C7AC98D46299D3D375DFA /* Pods */,
				A0414A169CF7385A50698E71 /* Frameworks */,
			);
			sourceTree = "<group>";
		};
		F91FA6982702AC7E00539BD0 /* Products */ = {
			isa = PBXGroup;
			children = (
				F91FA6972702AC7E00539BD0 /* CommonUI.app */,
				F91FA6AD2702AC8000539BD0 /* CommonUITests.xctest */,
				F91FA6B72702AC8000539BD0 /* CommonUIUITests.xctest */,
				F9F3C59727212D420089FB15 /* newWidgetExtension.appex */,
			);
			name = Products;
			sourceTree = "<group>";
		};
		F91FA6992702AC7E00539BD0 /* CommonUI */ = {
			isa = PBXGroup;
			children = (
				F91FA69A2702AC7E00539BD0 /* AppDelegate.swift */,
				F91FA69E2702AC7E00539BD0 /* ViewController.swift */,
				F91E0FD127057782007314A7 /* SMButton.swift */,
				F9557E3027322625000888A5 /* MediaVC.swift */,
				F91E0FD327059213007314A7 /* ComponentVC.swift */,
				F969C61D2702E02400886C23 /* STableViewCell.swift */,
				F91E0FCF270575C8007314A7 /* ZFRippleButton.swift */,
				F969C61F2702E5C100886C23 /* STableViewCell.xib */,
				F91FA6A02702AC7E00539BD0 /* Main.storyboard */,
				F91FA6A32702AC8000539BD0 /* Assets.xcassets */,
				F91FA6A52702AC8000539BD0 /* LaunchScreen.storyboard */,
				F91FA6A82702AC8000539BD0 /* Info.plist */,
				F91D6A6C27214D5D00D02F00 /* SwiftUIView.swift */,
				F9D77E2F272BDBED009EF43F /* CarMakerDetail.swift */,
			);
			path = CommonUI;
			sourceTree = "<group>";
		};
		F91FA6B02702AC8000539BD0 /* CommonUITests */ = {
			isa = PBXGroup;
			children = (
				F91FA6B12702AC8000539BD0 /* CommonUITests.swift */,
			);
			path = CommonUITests;
			sourceTree = "<group>";
		};
		F91FA6BA2702AC8100539BD0 /* CommonUIUITests */ = {
			isa = PBXGroup;
			children = (
				F91FA6BB2702AC8100539BD0 /* CommonUIUITests.swift */,
				F91FA6BD2702AC8100539BD0 /* CommonUIUITestsLaunchTests.swift */,
			);
			path = CommonUIUITests;
			sourceTree = "<group>";
		};
		F9F3C59A27212D420089FB15 /* newWidget */ = {
			isa = PBXGroup;
			children = (
				F9F3C59E27212D440089FB15 /* Assets.xcassets */,
				F9F3C5A927212DCC0089FB15 /* newWidget.intentdefinition */,
				F9F3C5AA27212DCC0089FB15 /* newWidget.swift */,
				F9F3C5A027212D440089FB15 /* Info.plist */,
			);
			path = newWidget;
			sourceTree = "<group>";
		};
/* End PBXGroup section */

/* Begin PBXNativeTarget section */
		F91FA6962702AC7E00539BD0 /* CommonUI */ = {
			isa = PBXNativeTarget;
			buildConfigurationList = F91FA6C12702AC8100539BD0 /* Build configuration list for PBXNativeTarget "CommonUI" */;
			buildPhases = (
				BE426175858A1BF2DC57EC97 /* [CP] Check Pods Manifest.lock */,
				F91FA6932702AC7E00539BD0 /* Sources */,
				F91FA6942702AC7E00539BD0 /* Frameworks */,
				F91FA6952702AC7E00539BD0 /* Resources */,
				A82270F5F88E0BEAD6B401F8 /* [CP] Embed Pods Frameworks */,
				F9F3C58F27212D240089FB15 /* Embed App Extensions */,
			);
			buildRules = (
			);
			dependencies = (
				F9F3C5A427212D440089FB15 /* PBXTargetDependency */,
			);
			name = CommonUI;
			productName = CommonUI;
			productReference = F91FA6972702AC7E00539BD0 /* CommonUI.app */;
			productType = "com.apple.product-type.application";
		};
		F91FA6AC2702AC8000539BD0 /* CommonUITests */ = {
			isa = PBXNativeTarget;
			buildConfigurationList = F91FA6C42702AC8100539BD0 /* Build configuration list for PBXNativeTarget "CommonUITests" */;
			buildPhases = (
				F91FA6A92702AC8000539BD0 /* Sources */,
				F91FA6AA2702AC8000539BD0 /* Frameworks */,
				F91FA6AB2702AC8000539BD0 /* Resources */,
			);
			buildRules = (
			);
			dependencies = (
				F91FA6AF2702AC8000539BD0 /* PBXTargetDependency */,
			);
			name = CommonUITests;
			productName = CommonUITests;
			productReference = F91FA6AD2702AC8000539BD0 /* CommonUITests.xctest */;
			productType = "com.apple.product-type.bundle.unit-test";
		};
		F91FA6B62702AC8000539BD0 /* CommonUIUITests */ = {
			isa = PBXNativeTarget;
			buildConfigurationList = F91FA6C72702AC8100539BD0 /* Build configuration list for PBXNativeTarget "CommonUIUITests" */;
			buildPhases = (
				F91FA6B32702AC8000539BD0 /* Sources */,
				F91FA6B42702AC8000539BD0 /* Frameworks */,
				F91FA6B52702AC8000539BD0 /* Resources */,
			);
			buildRules = (
			);
			dependencies = (
				F91FA6B92702AC8000539BD0 /* PBXTargetDependency */,
			);
			name = CommonUIUITests;
			productName = CommonUIUITests;
			productReference = F91FA6B72702AC8000539BD0 /* CommonUIUITests.xctest */;
			productType = "com.apple.product-type.bundle.ui-testing";
		};
		F9F3C59627212D420089FB15 /* newWidgetExtension */ = {
			isa = PBXNativeTarget;
			buildConfigurationList = F9F3C5A627212D440089FB15 /* Build configuration list for PBXNativeTarget "newWidgetExtension" */;
			buildPhases = (
				F9F3C59327212D420089FB15 /* Sources */,
				F9F3C59427212D420089FB15 /* Frameworks */,
				F9F3C59527212D420089FB15 /* Resources */,
			);
			buildRules = (
			);
			dependencies = (
			);
			name = newWidgetExtension;
			productName = newWidgetExtension;
			productReference = F9F3C59727212D420089FB15 /* newWidgetExtension.appex */;
			productType = "com.apple.product-type.app-extension";
		};
/* End PBXNativeTarget section */

/* Begin PBXProject section */
		F91FA68F2702AC7E00539BD0 /* Project object */ = {
			isa = PBXProject;
			attributes = {
				BuildIndependentTargetsInParallel = 1;
				LastSwiftUpdateCheck = 1300;
				LastUpgradeCheck = 1300;
				TargetAttributes = {
					F91FA6962702AC7E00539BD0 = {
						CreatedOnToolsVersion = 13.0;
					};
					F91FA6AC2702AC8000539BD0 = {
						CreatedOnToolsVersion = 13.0;
						TestTargetID = F91FA6962702AC7E00539BD0;
					};
					F91FA6B62702AC8000539BD0 = {
						CreatedOnToolsVersion = 13.0;
						TestTargetID = F91FA6962702AC7E00539BD0;
					};
					F9F3C59627212D420089FB15 = {
						CreatedOnToolsVersion = 13.0;
						LastSwiftMigration = 1300;
					};
				};
			};
			buildConfigurationList = F91FA6922702AC7E00539BD0 /* Build configuration list for PBXProject "CommonUI" */;
			compatibilityVersion = "Xcode 12.0";
			developmentRegion = en;
			hasScannedForEncodings = 0;
			knownRegions = (
				en,
				Base,
			);
			mainGroup = F91FA68E2702AC7E00539BD0;
			productRefGroup = F91FA6982702AC7E00539BD0 /* Products */;
			projectDirPath = "";
			projectRoot = "";
			targets = (
				F91FA6962702AC7E00539BD0 /* CommonUI */,
				F91FA6AC2702AC8000539BD0 /* CommonUITests */,
				F91FA6B62702AC8000539BD0 /* CommonUIUITests */,
				F9F3C59627212D420089FB15 /* newWidgetExtension */,
			);
		};
/* End PBXProject section */

/* Begin PBXResourcesBuildPhase section */
		F91FA6952702AC7E00539BD0 /* Resources */ = {
			isa = PBXResourcesBuildPhase;
			buildActionMask = 2147483647;
			files = (
				F91FA6A72702AC8000539BD0 /* LaunchScreen.storyboard in Resources */,
				F969C6202702E5C100886C23 /* STableViewCell.xib in Resources */,
				F91FA6A42702AC8000539BD0 /* Assets.xcassets in Resources */,
				F91FA6A22702AC7E00539BD0 /* Main.storyboard in Resources */,
			);
			runOnlyForDeploymentPostprocessing = 0;
		};
		F91FA6AB2702AC8000539BD0 /* Resources */ = {
			isa = PBXResourcesBuildPhase;
			buildActionMask = 2147483647;
			files = (
			);
			runOnlyForDeploymentPostprocessing = 0;
		};
		F91FA6B52702AC8000539BD0 /* Resources */ = {
			isa = PBXResourcesBuildPhase;
			buildActionMask = 2147483647;
			files = (
			);
			runOnlyForDeploymentPostprocessing = 0;
		};
		F9F3C59527212D420089FB15 /* Resources */ = {
			isa = PBXResourcesBuildPhase;
			buildActionMask = 2147483647;
			files = (
				F9F3C59F27212D440089FB15 /* Assets.xcassets in Resources */,
			);
			runOnlyForDeploymentPostprocessing = 0;
		};
/* End PBXResourcesBuildPhase section */

/* Begin PBXShellScriptBuildPhase section */
		A82270F5F88E0BEAD6B401F8 /* [CP] Embed Pods Frameworks */ = {
			isa = PBXShellScriptBuildPhase;
			buildActionMask = 2147483647;
			files = (
			);
			inputFileListPaths = (
				"${PODS_ROOT}/Target Support Files/Pods-CommonUI/Pods-CommonUI-frameworks-${CONFIGURATION}-input-files.xcfilelist",
			);
			name = "[CP] Embed Pods Frameworks";
			outputFileListPaths = (
				"${PODS_ROOT}/Target Support Files/Pods-CommonUI/Pods-CommonUI-frameworks-${CONFIGURATION}-output-files.xcfilelist",
			);
			runOnlyForDeploymentPostprocessing = 0;
			shellPath = /bin/sh;
			shellScript = "\"${PODS_ROOT}/Target Support Files/Pods-CommonUI/Pods-CommonUI-frameworks.sh\"\n";
			showEnvVarsInLog = 0;
		};
		BE426175858A1BF2DC57EC97 /* [CP] Check Pods Manifest.lock */ = {
			isa = PBXShellScriptBuildPhase;
			buildActionMask = 2147483647;
			files = (
			);
			inputFileListPaths = (
			);
			inputPaths = (
				"${PODS_PODFILE_DIR_PATH}/Podfile.lock",
				"${PODS_ROOT}/Manifest.lock",
			);
			name = "[CP] Check Pods Manifest.lock";
			outputFileListPaths = (
			);
			outputPaths = (
				"$(DERIVED_FILE_DIR)/Pods-CommonUI-checkManifestLockResult.txt",
			);
			runOnlyForDeploymentPostprocessing = 0;
			shellPath = /bin/sh;
			shellScript = "diff \"${PODS_PODFILE_DIR_PATH}/Podfile.lock\" \"${PODS_ROOT}/Manifest.lock\" > /dev/null\nif [ $? != 0 ] ; then\n    # print error to STDERR\n    echo \"error: The sandbox is not in sync with the Podfile.lock. Run 'pod install' or update your CocoaPods installation.\" >&2\n    exit 1\nfi\n# This output is used by Xcode 'outputs' to avoid re-running this script phase.\necho \"SUCCESS\" > \"${SCRIPT_OUTPUT_FILE_0}\"\n";
			showEnvVarsInLog = 0;
		};
/* End PBXShellScriptBuildPhase section */

/* Begin PBXSourcesBuildPhase section */
		F91FA6932702AC7E00539BD0 /* Sources */ = {
			isa = PBXSourcesBuildPhase;
			buildActionMask = 2147483647;
			files = (
				F969C61E2702E02400886C23 /* STableViewCell.swift in Sources */,
				F9557E3127322625000888A5 /* MediaVC.swift in Sources */,
				F91FA69F2702AC7E00539BD0 /* ViewController.swift in Sources */,
				F91D6A6D27214D5D00D02F00 /* SwiftUIView.swift in Sources */,
				F91E0FD427059213007314A7 /* ComponentVC.swift in Sources */,
				F9F3C5AB27212DCC0089FB15 /* newWidget.intentdefinition in Sources */,
				F91FA69B2702AC7E00539BD0 /* AppDelegate.swift in Sources */,
				F91E0FD0270575C8007314A7 /* ZFRippleButton.swift in Sources */,
				F9D77E30272BDBED009EF43F /* CarMakerDetail.swift in Sources */,
				F91E0FD227057782007314A7 /* SMButton.swift in Sources */,
			);
			runOnlyForDeploymentPostprocessing = 0;
		};
		F91FA6A92702AC8000539BD0 /* Sources */ = {
			isa = PBXSourcesBuildPhase;
			buildActionMask = 2147483647;
			files = (
				F91FA6B22702AC8000539BD0 /* CommonUITests.swift in Sources */,
			);
			runOnlyForDeploymentPostprocessing = 0;
		};
		F91FA6B32702AC8000539BD0 /* Sources */ = {
			isa = PBXSourcesBuildPhase;
			buildActionMask = 2147483647;
			files = (
				F91FA6BE2702AC8100539BD0 /* CommonUIUITestsLaunchTests.swift in Sources */,
				F91FA6BC2702AC8100539BD0 /* CommonUIUITests.swift in Sources */,
			);
			runOnlyForDeploymentPostprocessing = 0;
		};
		F9F3C59327212D420089FB15 /* Sources */ = {
			isa = PBXSourcesBuildPhase;
			buildActionMask = 2147483647;
			files = (
				F9F3C5AE27212DCC0089FB15 /* newWidget.swift in Sources */,
				F9F3C5AC27212DCC0089FB15 /* newWidget.intentdefinition in Sources */,
			);
			runOnlyForDeploymentPostprocessing = 0;
		};
/* End PBXSourcesBuildPhase section */

/* Begin PBXTargetDependency section */
		F91FA6AF2702AC8000539BD0 /* PBXTargetDependency */ = {
			isa = PBXTargetDependency;
			target = F91FA6962702AC7E00539BD0 /* CommonUI */;
			targetProxy = F91FA6AE2702AC8000539BD0 /* PBXContainerItemProxy */;
		};
		F91FA6B92702AC8000539BD0 /* PBXTargetDependency */ = {
			isa = PBXTargetDependency;
			target = F91FA6962702AC7E00539BD0 /* CommonUI */;
			targetProxy = F91FA6B82702AC8000539BD0 /* PBXContainerItemProxy */;
		};
		F9F3C5A427212D440089FB15 /* PBXTargetDependency */ = {
			isa = PBXTargetDependency;
			target = F9F3C59627212D420089FB15 /* newWidgetExtension */;
			targetProxy = F9F3C5A327212D440089FB15 /* PBXContainerItemProxy */;
		};
/* End PBXTargetDependency section */

/* Begin PBXVariantGroup section */
		F91FA6A02702AC7E00539BD0 /* Main.storyboard */ = {
			isa = PBXVariantGroup;
			children = (
				F91FA6A12702AC7E00539BD0 /* Base */,
			);
			name = Main.storyboard;
			sourceTree = "<group>";
		};
		F91FA6A52702AC8000539BD0 /* LaunchScreen.storyboard */ = {
			isa = PBXVariantGroup;
			children = (
				F91FA6A62702AC8000539BD0 /* Base */,
			);
			name = LaunchScreen.storyboard;
			sourceTree = "<group>";
		};
/* End PBXVariantGroup section */

/* Begin XCBuildConfiguration section */
		F91FA6BF2702AC8100539BD0 /* Debug */ = {
			isa = XCBuildConfiguration;
			buildSettings = {
				ALWAYS_SEARCH_USER_PATHS = NO;
				CLANG_ANALYZER_NONNULL = YES;
				CLANG_ANALYZER_NUMBER_OBJECT_CONVERSION = YES_AGGRESSIVE;
				CLANG_CXX_LANGUAGE_STANDARD = "gnu++17";
				CLANG_CXX_LIBRARY = "libc++";
				CLANG_ENABLE_MODULES = YES;
				CLANG_ENABLE_OBJC_ARC = YES;
				CLANG_ENABLE_OBJC_WEAK = YES;
				CLANG_WARN_BLOCK_CAPTURE_AUTORELEASING = YES;
				CLANG_WARN_BOOL_CONVERSION = YES;
				CLANG_WARN_COMMA = YES;
				CLANG_WARN_CONSTANT_CONVERSION = YES;
				CLANG_WARN_DEPRECATED_OBJC_IMPLEMENTATIONS = YES;
				CLANG_WARN_DIRECT_OBJC_ISA_USAGE = YES_ERROR;
				CLANG_WARN_DOCUMENTATION_COMMENTS = YES;
				CLANG_WARN_EMPTY_BODY = YES;
				CLANG_WARN_ENUM_CONVERSION = YES;
				CLANG_WARN_INFINITE_RECURSION = YES;
				CLANG_WARN_INT_CONVERSION = YES;
				CLANG_WARN_NON_LITERAL_NULL_CONVERSION = YES;
				CLANG_WARN_OBJC_IMPLICIT_RETAIN_SELF = YES;
				CLANG_WARN_OBJC_LITERAL_CONVERSION = YES;
				CLANG_WARN_OBJC_ROOT_CLASS = YES_ERROR;
				CLANG_WARN_QUOTED_INCLUDE_IN_FRAMEWORK_HEADER = YES;
				CLANG_WARN_RANGE_LOOP_ANALYSIS = YES;
				CLANG_WARN_STRICT_PROTOTYPES = YES;
				CLANG_WARN_SUSPICIOUS_MOVE = YES;
				CLANG_WARN_UNGUARDED_AVAILABILITY = YES_AGGRESSIVE;
				CLANG_WARN_UNREACHABLE_CODE = YES;
				CLANG_WARN__DUPLICATE_METHOD_MATCH = YES;
				COPY_PHASE_STRIP = NO;
				DEBUG_INFORMATION_FORMAT = dwarf;
				ENABLE_STRICT_OBJC_MSGSEND = YES;
				ENABLE_TESTABILITY = YES;
				GCC_C_LANGUAGE_STANDARD = gnu11;
				GCC_DYNAMIC_NO_PIC = NO;
				GCC_NO_COMMON_BLOCKS = YES;
				GCC_OPTIMIZATION_LEVEL = 0;
				GCC_PREPROCESSOR_DEFINITIONS = (
					"DEBUG=1",
					"$(inherited)",
				);
				GCC_WARN_64_TO_32_BIT_CONVERSION = YES;
				GCC_WARN_ABOUT_RETURN_TYPE = YES_ERROR;
				GCC_WARN_UNDECLARED_SELECTOR = YES;
				GCC_WARN_UNINITIALIZED_AUTOS = YES_AGGRESSIVE;
				GCC_WARN_UNUSED_FUNCTION = YES;
				GCC_WARN_UNUSED_VARIABLE = YES;
				IPHONEOS_DEPLOYMENT_TARGET = 14.0;
				MTL_ENABLE_DEBUG_INFO = INCLUDE_SOURCE;
				MTL_FAST_MATH = YES;
				ONLY_ACTIVE_ARCH = YES;
				SDKROOT = iphoneos;
				SWIFT_ACTIVE_COMPILATION_CONDITIONS = DEBUG;
				SWIFT_OPTIMIZATION_LEVEL = "-Onone";
			};
			name = Debug;
		};
		F91FA6C02702AC8100539BD0 /* Release */ = {
			isa = XCBuildConfiguration;
			buildSettings = {
				ALWAYS_SEARCH_USER_PATHS = NO;
				CLANG_ANALYZER_NONNULL = YES;
				CLANG_ANALYZER_NUMBER_OBJECT_CONVERSION = YES_AGGRESSIVE;
				CLANG_CXX_LANGUAGE_STANDARD = "gnu++17";
				CLANG_CXX_LIBRARY = "libc++";
				CLANG_ENABLE_MODULES = YES;
				CLANG_ENABLE_OBJC_ARC = YES;
				CLANG_ENABLE_OBJC_WEAK = YES;
				CLANG_WARN_BLOCK_CAPTURE_AUTORELEASING = YES;
				CLANG_WARN_BOOL_CONVERSION = YES;
				CLANG_WARN_COMMA = YES;
				CLANG_WARN_CONSTANT_CONVERSION = YES;
				CLANG_WARN_DEPRECATED_OBJC_IMPLEMENTATIONS = YES;
				CLANG_WARN_DIRECT_OBJC_ISA_USAGE = YES_ERROR;
				CLANG_WARN_DOCUMENTATION_COMMENTS = YES;
				CLANG_WARN_EMPTY_BODY = YES;
				CLANG_WARN_ENUM_CONVERSION = YES;
				CLANG_WARN_INFINITE_RECURSION = YES;
				CLANG_WARN_INT_CONVERSION = YES;
				CLANG_WARN_NON_LITERAL_NULL_CONVERSION = YES;
				CLANG_WARN_OBJC_IMPLICIT_RETAIN_SELF = YES;
				CLANG_WARN_OBJC_LITERAL_CONVERSION = YES;
				CLANG_WARN_OBJC_ROOT_CLASS = YES_ERROR;
				CLANG_WARN_QUOTED_INCLUDE_IN_FRAMEWORK_HEADER = YES;
				CLANG_WARN_RANGE_LOOP_ANALYSIS = YES;
				CLANG_WARN_STRICT_PROTOTYPES = YES;
				CLANG_WARN_SUSPICIOUS_MOVE = YES;
				CLANG_WARN_UNGUARDED_AVAILABILITY = YES_AGGRESSIVE;
				CLANG_WARN_UNREACHABLE_CODE = YES;
				CLANG_WARN__DUPLICATE_METHOD_MATCH = YES;
				COPY_PHASE_STRIP = NO;
				DEBUG_INFORMATION_FORMAT = "dwarf-with-dsym";
				ENABLE_NS_ASSERTIONS = NO;
				ENABLE_STRICT_OBJC_MSGSEND = YES;
				GCC_C_LANGUAGE_STANDARD = gnu11;
				GCC_NO_COMMON_BLOCKS = YES;
				GCC_WARN_64_TO_32_BIT_CONVERSION = YES;
				GCC_WARN_ABOUT_RETURN_TYPE = YES_ERROR;
				GCC_WARN_UNDECLARED_SELECTOR = YES;
				GCC_WARN_UNINITIALIZED_AUTOS = YES_AGGRESSIVE;
				GCC_WARN_UNUSED_FUNCTION = YES;
				GCC_WARN_UNUSED_VARIABLE = YES;
				IPHONEOS_DEPLOYMENT_TARGET = 14.0;
				MTL_ENABLE_DEBUG_INFO = NO;
				MTL_FAST_MATH = YES;
				SDKROOT = iphoneos;
				SWIFT_COMPILATION_MODE = wholemodule;
				SWIFT_OPTIMIZATION_LEVEL = "-O";
				VALIDATE_PRODUCT = YES;
			};
			name = Release;
		};
		F91FA6C22702AC8100539BD0 /* Debug */ = {
			isa = XCBuildConfiguration;
			baseConfigurationReference = CC2F4635F1F71EED249B1FA4 /* Pods-CommonUI.debug.xcconfig */;
			buildSettings = {
				ALWAYS_EMBED_SWIFT_STANDARD_LIBRARIES = YES;
				ASSETCATALOG_COMPILER_APPICON_NAME = AppIcon;
				ASSETCATALOG_COMPILER_GLOBAL_ACCENT_COLOR_NAME = AccentColor;
				CODE_SIGN_STYLE = Automatic;
				CURRENT_PROJECT_VERSION = 1;
				DEVELOPMENT_TEAM = 3NUQ46Q42B;
				GENERATE_INFOPLIST_FILE = YES;
				INFOPLIST_FILE = CommonUI/Info.plist;
				INFOPLIST_KEY_UIApplicationSupportsIndirectInputEvents = YES;
				INFOPLIST_KEY_UILaunchStoryboardName = LaunchScreen;
				INFOPLIST_KEY_UIMainStoryboardFile = Main;
				INFOPLIST_KEY_UISupportedInterfaceOrientations_iPad = "UIInterfaceOrientationPortrait UIInterfaceOrientationPortraitUpsideDown UIInterfaceOrientationLandscapeLeft UIInterfaceOrientationLandscapeRight";
				INFOPLIST_KEY_UISupportedInterfaceOrientations_iPhone = "UIInterfaceOrientationPortrait UIInterfaceOrientationLandscapeLeft UIInterfaceOrientationLandscapeRight";
				IPHONEOS_DEPLOYMENT_TARGET = 14.0;
				LD_RUNPATH_SEARCH_PATHS = (
					"$(inherited)",
					"@executable_path/Frameworks",
				);
				MARKETING_VERSION = 1.0;
				PRODUCT_BUNDLE_IDENTIFIER = com.sungals.CommonUI;
				PRODUCT_NAME = "$(TARGET_NAME)";
				SWIFT_EMIT_LOC_STRINGS = YES;
				SWIFT_VERSION = 5.0;
				TARGETED_DEVICE_FAMILY = "1,2";
			};
			name = Debug;
		};
		F91FA6C32702AC8100539BD0 /* Release */ = {
			isa = XCBuildConfiguration;
			baseConfigurationReference = 2BB39D106336B1AE54A9EA62 /* Pods-CommonUI.release.xcconfig */;
			buildSettings = {
				ALWAYS_EMBED_SWIFT_STANDARD_LIBRARIES = YES;
				ASSETCATALOG_COMPILER_APPICON_NAME = AppIcon;
				ASSETCATALOG_COMPILER_GLOBAL_ACCENT_COLOR_NAME = AccentColor;
				CODE_SIGN_STYLE = Automatic;
				CURRENT_PROJECT_VERSION = 1;
				DEVELOPMENT_TEAM = 3NUQ46Q42B;
				GENERATE_INFOPLIST_FILE = YES;
				INFOPLIST_FILE = CommonUI/Info.plist;
				INFOPLIST_KEY_UIApplicationSupportsIndirectInputEvents = YES;
				INFOPLIST_KEY_UILaunchStoryboardName = LaunchScreen;
				INFOPLIST_KEY_UIMainStoryboardFile = Main;
				INFOPLIST_KEY_UISupportedInterfaceOrientations_iPad = "UIInterfaceOrientationPortrait UIInterfaceOrientationPortraitUpsideDown UIInterfaceOrientationLandscapeLeft UIInterfaceOrientationLandscapeRight";
				INFOPLIST_KEY_UISupportedInterfaceOrientations_iPhone = "UIInterfaceOrientationPortrait UIInterfaceOrientationLandscapeLeft UIInterfaceOrientationLandscapeRight";
				IPHONEOS_DEPLOYMENT_TARGET = 14.0;
				LD_RUNPATH_SEARCH_PATHS = (
					"$(inherited)",
					"@executable_path/Frameworks",
				);
				MARKETING_VERSION = 1.0;
				PRODUCT_BUNDLE_IDENTIFIER = com.sungals.CommonUI;
				PRODUCT_NAME = "$(TARGET_NAME)";
				SWIFT_EMIT_LOC_STRINGS = YES;
				SWIFT_VERSION = 5.0;
				TARGETED_DEVICE_FAMILY = "1,2";
			};
			name = Release;
		};
		F91FA6C52702AC8100539BD0 /* Debug */ = {
			isa = XCBuildConfiguration;
			buildSettings = {
				ALWAYS_EMBED_SWIFT_STANDARD_LIBRARIES = YES;
				BUNDLE_LOADER = "$(TEST_HOST)";
				CODE_SIGN_STYLE = Automatic;
				CURRENT_PROJECT_VERSION = 1;
				DEVELOPMENT_TEAM = 3NUQ46Q42B;
				GENERATE_INFOPLIST_FILE = YES;
				IPHONEOS_DEPLOYMENT_TARGET = 15.0;
				LD_RUNPATH_SEARCH_PATHS = (
					"$(inherited)",
					"@executable_path/Frameworks",
					"@loader_path/Frameworks",
				);
				MARKETING_VERSION = 1.0;
				PRODUCT_BUNDLE_IDENTIFIER = com.sungals.CommonUITests;
				PRODUCT_NAME = "$(TARGET_NAME)";
				SWIFT_EMIT_LOC_STRINGS = NO;
				SWIFT_VERSION = 5.0;
				TARGETED_DEVICE_FAMILY = "1,2";
				TEST_HOST = "$(BUILT_PRODUCTS_DIR)/CommonUI.app/CommonUI";
			};
			name = Debug;
		};
		F91FA6C62702AC8100539BD0 /* Release */ = {
			isa = XCBuildConfiguration;
			buildSettings = {
				ALWAYS_EMBED_SWIFT_STANDARD_LIBRARIES = YES;
				BUNDLE_LOADER = "$(TEST_HOST)";
				CODE_SIGN_STYLE = Automatic;
				CURRENT_PROJECT_VERSION = 1;
				DEVELOPMENT_TEAM = 3NUQ46Q42B;
				GENERATE_INFOPLIST_FILE = YES;
				IPHONEOS_DEPLOYMENT_TARGET = 15.0;
				LD_RUNPATH_SEARCH_PATHS = (
					"$(inherited)",
					"@executable_path/Frameworks",
					"@loader_path/Frameworks",
				);
				MARKETING_VERSION = 1.0;
				PRODUCT_BUNDLE_IDENTIFIER = com.sungals.CommonUITests;
				PRODUCT_NAME = "$(TARGET_NAME)";
				SWIFT_EMIT_LOC_STRINGS = NO;
				SWIFT_VERSION = 5.0;
				TARGETED_DEVICE_FAMILY = "1,2";
				TEST_HOST = "$(BUILT_PRODUCTS_DIR)/CommonUI.app/CommonUI";
			};
			name = Release;
		};
		F91FA6C82702AC8100539BD0 /* Debug */ = {
			isa = XCBuildConfiguration;
			buildSettings = {
				ALWAYS_EMBED_SWIFT_STANDARD_LIBRARIES = YES;
				CODE_SIGN_STYLE = Automatic;
				CURRENT_PROJECT_VERSION = 1;
				DEVELOPMENT_TEAM = 3NUQ46Q42B;
				GENERATE_INFOPLIST_FILE = YES;
				LD_RUNPATH_SEARCH_PATHS = (
					"$(inherited)",
					"@executable_path/Frameworks",
					"@loader_path/Frameworks",
				);
				MARKETING_VERSION = 1.0;
				PRODUCT_BUNDLE_IDENTIFIER = com.sungals.CommonUIUITests;
				PRODUCT_NAME = "$(TARGET_NAME)";
				SWIFT_EMIT_LOC_STRINGS = NO;
				SWIFT_VERSION = 5.0;
				TARGETED_DEVICE_FAMILY = "1,2";
				TEST_TARGET_NAME = CommonUI;
			};
			name = Debug;
		};
		F91FA6C92702AC8100539BD0 /* Release */ = {
			isa = XCBuildConfiguration;
			buildSettings = {
				ALWAYS_EMBED_SWIFT_STANDARD_LIBRARIES = YES;
				CODE_SIGN_STYLE = Automatic;
				CURRENT_PROJECT_VERSION = 1;
				DEVELOPMENT_TEAM = 3NUQ46Q42B;
				GENERATE_INFOPLIST_FILE = YES;
				LD_RUNPATH_SEARCH_PATHS = (
					"$(inherited)",
					"@executable_path/Frameworks",
					"@loader_path/Frameworks",
				);
				MARKETING_VERSION = 1.0;
				PRODUCT_BUNDLE_IDENTIFIER = com.sungals.CommonUIUITests;
				PRODUCT_NAME = "$(TARGET_NAME)";
				SWIFT_EMIT_LOC_STRINGS = NO;
				SWIFT_VERSION = 5.0;
				TARGETED_DEVICE_FAMILY = "1,2";
				TEST_TARGET_NAME = CommonUI;
			};
			name = Release;
		};
		F9F3C5A727212D440089FB15 /* Debug */ = {
			isa = XCBuildConfiguration;
			buildSettings = {
				ASSETCATALOG_COMPILER_GLOBAL_ACCENT_COLOR_NAME = AccentColor;
				ASSETCATALOG_COMPILER_WIDGET_BACKGROUND_COLOR_NAME = WidgetBackground;
				CLANG_ENABLE_MODULES = YES;
				CODE_SIGN_STYLE = Automatic;
				CURRENT_PROJECT_VERSION = 1;
				DEVELOPMENT_TEAM = 3NUQ46Q42B;
				GENERATE_INFOPLIST_FILE = YES;
				INFOPLIST_FILE = newWidget/Info.plist;
				INFOPLIST_KEY_CFBundleDisplayName = newWidget;
				INFOPLIST_KEY_NSHumanReadableCopyright = "";
				IPHONEOS_DEPLOYMENT_TARGET = 14.0;
				LD_RUNPATH_SEARCH_PATHS = (
					"$(inherited)",
					"@executable_path/Frameworks",
					"@executable_path/../../Frameworks",
				);
				MARKETING_VERSION = 1.0;
				PRODUCT_BUNDLE_IDENTIFIER = com.sungals.CommonUI.newWidget;
				PRODUCT_NAME = "$(TARGET_NAME)";
				SKIP_INSTALL = YES;
				SWIFT_EMIT_LOC_STRINGS = YES;
				SWIFT_OPTIMIZATION_LEVEL = "-Onone";
				SWIFT_VERSION = 5.0;
				TARGETED_DEVICE_FAMILY = "1,2";
			};
			name = Debug;
		};
		F9F3C5A827212D440089FB15 /* Release */ = {
			isa = XCBuildConfiguration;
			buildSettings = {
				ASSETCATALOG_COMPILER_GLOBAL_ACCENT_COLOR_NAME = AccentColor;
				ASSETCATALOG_COMPILER_WIDGET_BACKGROUND_COLOR_NAME = WidgetBackground;
				CLANG_ENABLE_MODULES = YES;
				CODE_SIGN_STYLE = Automatic;
				CURRENT_PROJECT_VERSION = 1;
				DEVELOPMENT_TEAM = 3NUQ46Q42B;
				GENERATE_INFOPLIST_FILE = YES;
				INFOPLIST_FILE = newWidget/Info.plist;
				INFOPLIST_KEY_CFBundleDisplayName = newWidget;
				INFOPLIST_KEY_NSHumanReadableCopyright = "";
				IPHONEOS_DEPLOYMENT_TARGET = 14.0;
				LD_RUNPATH_SEARCH_PATHS = (
					"$(inherited)",
					"@executable_path/Frameworks",
					"@executable_path/../../Frameworks",
				);
				MARKETING_VERSION = 1.0;
				PRODUCT_BUNDLE_IDENTIFIER = com.sungals.CommonUI.newWidget;
				PRODUCT_NAME = "$(TARGET_NAME)";
				SKIP_INSTALL = YES;
				SWIFT_EMIT_LOC_STRINGS = YES;
				SWIFT_VERSION = 5.0;
				TARGETED_DEVICE_FAMILY = "1,2";
			};
			name = Release;
		};
/* End XCBuildConfiguration section */

/* Begin XCConfigurationList section */
		F91FA6922702AC7E00539BD0 /* Build configuration list for PBXProject "CommonUI" */ = {
			isa = XCConfigurationList;
			buildConfigurations = (
				F91FA6BF2702AC8100539BD0 /* Debug */,
				F91FA6C02702AC8100539BD0 /* Release */,
			);
			defaultConfigurationIsVisible = 0;
			defaultConfigurationName = Release;
		};
		F91FA6C12702AC8100539BD0 /* Build configuration list for PBXNativeTarget "CommonUI" */ = {
			isa = XCConfigurationList;
			buildConfigurations = (
				F91FA6C22702AC8100539BD0 /* Debug */,
				F91FA6C32702AC8100539BD0 /* Release */,
			);
			defaultConfigurationIsVisible = 0;
			defaultConfigurationName = Release;
		};
		F91FA6C42702AC8100539BD0 /* Build configuration list for PBXNativeTarget "CommonUITests" */ = {
			isa = XCConfigurationList;
			buildConfigurations = (
				F91FA6C52702AC8100539BD0 /* Debug */,
				F91FA6C62702AC8100539BD0 /* Release */,
			);
			defaultConfigurationIsVisible = 0;
			defaultConfigurationName = Release;
		};
		F91FA6C72702AC8100539BD0 /* Build configuration list for PBXNativeTarget "CommonUIUITests" */ = {
			isa = XCConfigurationList;
			buildConfigurations = (
				F91FA6C82702AC8100539BD0 /* Debug */,
				F91FA6C92702AC8100539BD0 /* Release */,
			);
			defaultConfigurationIsVisible = 0;
			defaultConfigurationName = Release;
		};
		F9F3C5A627212D440089FB15 /* Build configuration list for PBXNativeTarget "newWidgetExtension" */ = {
			isa = XCConfigurationList;
			buildConfigurations = (
				F9F3C5A727212D440089FB15 /* Debug */,
				F9F3C5A827212D440089FB15 /* Release */,
			);
			defaultConfigurationIsVisible = 0;
			defaultConfigurationName = Release;
		};
/* End XCConfigurationList section */
	};
	rootObject = F91FA68F2702AC7E00539BD0 /* Project object */;
}
